
Microsoft Visual Studio Solution File, Format Version 12.00
# Visual Studio 14
VisualStudioVersion = 14.0.25420.1
MinimumVisualStudioVersion = 10.0.40219.1
Project("{FAE04EC0-301F-11D3-BF4B-00C04F79EFBC}") = "PorpoiseRidesInc.BusinessLogic", "PorpoiseRidesInc.BusinessLogic\PorpoiseRidesInc.BusinessLogic.csproj", "{1E5610CA-566F-483F-A44D-E3AEFA00B762}"
EndProject
Project("{FAE04EC0-301F-11D3-BF4B-00C04F79EFBC}") = "PorpoiseRidesInc.Infrastructure", "PorpoiseRidesInc.Infrastructure\PorpoiseRidesInc.Infrastructure.csproj", "{1363E5D2-A01D-4188-BC4F-AD1F4571EAB3}"
EndProject
Project("{FAE04EC0-301F-11D3-BF4B-00C04F79EFBC}") = "PorpoiseRidesInc.WebAPI", "PorpoiseRidesInc.WebAPI\PorpoiseRidesInc.WebAPI.csproj", "{17796C8B-4530-45E9-ABF9-6A74D386BE5E}"
EndProject
Global
	GlobalSection(SolutionConfigurationPlatforms) = preSolution
		Debug|Any CPU = Debug|Any CPU
		Release|Any CPU = Release|Any CPU
	EndGlobalSection
	GlobalSection(ProjectConfigurationPlatforms) = postSolution
		{1E5610CA-566F-483F-A44D-E3AEFA00B762}.Debug|Any CPU.ActiveCfg = Debug|Any CPU
		{1E5610CA-566F-483F-A44D-E3AEFA00B762}.Debug|Any CPU.Build.0 = Debug|Any CPU
		{1E5610CA-566F-483F-A44D-E3AEFA00B762}.Release|Any CPU.ActiveCfg = Release|Any CPU
		{1E5610CA-566F-483F-A44D-E3AEFA00B762}.Release|Any CPU.Build.0 = Release|Any CPU
		{1363E5D2-A01D-4188-BC4F-AD1F4571EAB3}.Debug|Any CPU.ActiveCfg = Debug|Any CPU
		{1363E5D2-A01D-4188-BC4F-AD1F4571EAB3}.Debug|Any CPU.Build.0 = Debug|Any CPU
		{1363E5D2-A01D-4188-BC4F-AD1F4571EAB3}.Release|Any CPU.ActiveCfg = Release|Any CPU
		{1363E5D2-A01D-4188-BC4F-AD1F4571EAB3}.Release|Any CPU.Build.0 = Release|Any CPU
		{17796C8B-4530-45E9-ABF9-6A74D386BE5E}.Debug|Any CPU.ActiveCfg = Debug|Any CPU
		{17796C8B-4530-45E9-ABF9-6A74D386BE5E}.Debug|Any CPU.Build.0 = Debug|Any CPU
		{17796C8B-4530-45E9-ABF9-6A74D386BE5E}.Release|Any CPU.ActiveCfg = Release|Any CPU
		{17796C8B-4530-45E9-ABF9-6A74D386BE5E}.Release|Any CPU.Build.0 = Release|Any CPU
	EndGlobalSection
	GlobalSection(SolutionProperties) = preSolution
		HideSolutionNode = FALSE
	EndGlobalSection
EndGlobal
